// !$*UTF8*$!
{
	archiveVersion = 1;
	classes = {
	};
	objectVersion = 56;
	objects = {

/* Begin PBXBuildFile section */
		F2E2B51128F3EA61003CE89D /* AppDelegate.swift in Sources */ = {isa = PBXBuildFile; fileRef = F2E2B51028F3EA61003CE89D /* AppDelegate.swift */; };
		F2E2B51328F3EA61003CE89D /* ViewController.swift in Sources */ = {isa = PBXBuildFile; fileRef = F2E2B51228F3EA61003CE89D /* ViewController.swift */; };
		F2E2B51528F3EA63003CE89D /* Assets.xcassets in Resources */ = {isa = PBXBuildFile; fileRef = F2E2B51428F3EA63003CE89D /* Assets.xcassets */; };
		F2E2B51828F3EA63003CE89D /* Main.storyboard in Resources */ = {isa = PBXBuildFile; fileRef = F2E2B51628F3EA63003CE89D /* Main.storyboard */; };
		F2E2B52428F408C5003CE89D /* Upload.swift in Sources */ = {isa = PBXBuildFile; fileRef = F2E2B52328F408C5003CE89D /* Upload.swift */; };
		F2E2B52628F41914003CE89D /* TextField.swift in Sources */ = {isa = PBXBuildFile; fileRef = F2E2B52528F41914003CE89D /* TextField.swift */; };
		F2E2B52C28F506CE003CE89D /* CommandRunner.swift in Sources */ = {isa = PBXBuildFile; fileRef = F2E2B52B28F506CE003CE89D /* CommandRunner.swift */; };
/* End PBXBuildFile section */

/* Begin PBXFileReference section */
		F2E2B50D28F3EA61003CE89D /* BuglySymbolUploadTool.app */ = {isa = PBXFileReference; explicitFileType = wrapper.application; includeInIndex = 0; path = BuglySymbolUploadTool.app; sourceTree = BUILT_PRODUCTS_DIR; };
		F2E2B51028F3EA61003CE89D /* AppDelegate.swift */ = {isa = PBXFileReference; lastKnownFileType = sourcecode.swift; path = AppDelegate.swift; sourceTree = "<group>"; };
		F2E2B51228F3EA61003CE89D /* ViewController.swift */ = {isa = PBXFileReference; lastKnownFileType = sourcecode.swift; path = ViewController.swift; sourceTree = "<group>"; };
		F2E2B51428F3EA63003CE89D /* Assets.xcassets */ = {isa = PBXFileReference; lastKnownFileType = folder.assetcatalog; path = Assets.xcassets; sourceTree = "<group>"; };
		F2E2B51728F3EA63003CE89D /* Base */ = {isa = PBXFileReference; lastKnownFileType = file.storyboard; name = Base; path = Base.lproj/Main.storyboard; sourceTree = "<group>"; };
		F2E2B51928F3EA63003CE89D /* BuglySymbolUploadTool.entitlements */ = {isa = PBXFileReference; lastKnownFileType = text.plist.entitlements; path = BuglySymbolUploadTool.entitlements; sourceTree = "<group>"; };
		F2E2B52328F408C5003CE89D /* Upload.swift */ = {isa = PBXFileReference; lastKnownFileType = sourcecode.swift; path = Upload.swift; sourceTree = "<group>"; };
		F2E2B52528F41914003CE89D /* TextField.swift */ = {isa = PBXFileReference; lastKnownFileType = sourcecode.swift; path = TextField.swift; sourceTree = "<group>"; };
		F2E2B52B28F506CE003CE89D /* CommandRunner.swift */ = {isa = PBXFileReference; lastKnownFileType = sourcecode.swift; path = CommandRunner.swift; sourceTree = "<group>"; };
		F2E2B53A28F55A48003CE89D /* Info.plist */ = {isa = PBXFileReference; lastKnownFileType = text.plist; path = Info.plist; sourceTree = "<group>"; };
/* End PBXFileReference section */

/* Begin PBXFrameworksBuildPhase section */
		F2E2B50A28F3EA61003CE89D /* Frameworks */ = {
			isa = PBXFrameworksBuildPhase;
			buildActionMask = 2147483647;
			files = (
			);
			runOnlyForDeploymentPostprocessing = 0;
		};
/* End PBXFrameworksBuildPhase section */

/* Begin PBXGroup section */
		F2E2B50428F3EA61003CE89D = {
			isa = PBXGroup;
			children = (
				F2E2B50F28F3EA61003CE89D /* BuglySymbolUploadTool */,
				F2E2B50E28F3EA61003CE89D /* Products */,
			);
			sourceTree = "<group>";
		};
		F2E2B50E28F3EA61003CE89D /* Products */ = {
			isa = PBXGroup;
			children = (
				F2E2B50D28F3EA61003CE89D /* BuglySymbolUploadTool.app */,
			);
			name = Products;
			sourceTree = "<group>";
		};
		F2E2B50F28F3EA61003CE89D /* BuglySymbolUploadTool */ = {
			isa = PBXGroup;
			children = (
				F2E2B53A28F55A48003CE89D /* Info.plist */,
				F2E2B51028F3EA61003CE89D /* AppDelegate.swift */,
				F2E2B51228F3EA61003CE89D /* ViewController.swift */,
				F2E2B52328F408C5003CE89D /* Upload.swift */,
				F2E2B52528F41914003CE89D /* TextField.swift */,
				F2E2B52B28F506CE003CE89D /* CommandRunner.swift */,
				F2E2B51428F3EA63003CE89D /* Assets.xcassets */,
				F2E2B51628F3EA63003CE89D /* Main.storyboard */,
				F2E2B51928F3EA63003CE89D /* BuglySymbolUploadTool.entitlements */,
			);
			path = BuglySymbolUploadTool;
			sourceTree = "<group>";
		};
/* End PBXGroup section */

/* Begin PBXNativeTarget section */
		F2E2B50C28F3EA61003CE89D /* BuglySymbolUploadTool */ = {
			isa = PBXNativeTarget;
			buildConfigurationList = F2E2B51C28F3EA63003CE89D /* Build configuration list for PBXNativeTarget "BuglySymbolUploadTool" */;
			buildPhases = (
				F2E2B50928F3EA61003CE89D /* Sources */,
				F2E2B50A28F3EA61003CE89D /* Frameworks */,
				F2E2B50B28F3EA61003CE89D /* Resources */,
			);
			buildRules = (
			);
			dependencies = (
			);
			name = BuglySymbolUploadTool;
			productName = BuglySymbolUploadTool;
			productReference = F2E2B50D28F3EA61003CE89D /* BuglySymbolUploadTool.app */;
			productType = "com.apple.product-type.application";
		};
/* End PBXNativeTarget section */

/* Begin PBXProject section */
		F2E2B50528F3EA61003CE89D /* Project object */ = {
			isa = PBXProject;
			attributes = {
				BuildIndependentTargetsInParallel = 1;
				LastSwiftUpdateCheck = 1400;
				LastUpgradeCheck = 1400;
				TargetAttributes = {
					F2E2B50C28F3EA61003CE89D = {
						CreatedOnToolsVersion = 14.0.1;
					};
				};
			};
			buildConfigurationList = F2E2B50828F3EA61003CE89D /* Build configuration list for PBXProject "BuglySymbolUploadTool" */;
			compatibilityVersion = "Xcode 14.0";
			developmentRegion = en;
			hasScannedForEncodings = 0;
			knownRegions = (
				en,
				Base,
			);
			mainGroup = F2E2B50428F3EA61003CE89D;
			productRefGroup = F2E2B50E28F3EA61003CE89D /* Products */;
			projectDirPath = "";
			projectRoot = "";
			targets = (
				F2E2B50C28F3EA61003CE89D /* BuglySymbolUploadTool */,
			);
		};
/* End PBXProject section */

/* Begin PBXResourcesBuildPhase section */
		F2E2B50B28F3EA61003CE89D /* Resources */ = {
			isa = PBXResourcesBuildPhase;
			buildActionMask = 2147483647;
			files = (
				F2E2B51528F3EA63003CE89D /* Assets.xcassets in Resources */,
				F2E2B51828F3EA63003CE89D /* Main.storyboard in Resources */,
			);
			runOnlyForDeploymentPostprocessing = 0;
		};
/* End PBXResourcesBuildPhase section */

/* Begin PBXSourcesBuildPhase section */
		F2E2B50928F3EA61003CE89D /* Sources */ = {
			isa = PBXSourcesBuildPhase;
			buildActionMask = 2147483647;
			files = (
				F2E2B52428F408C5003CE89D /* Upload.swift in Sources */,
				F2E2B51328F3EA61003CE89D /* ViewController.swift in Sources */,
				F2E2B51128F3EA61003CE89D /* AppDelegate.swift in Sources */,
				F2E2B52628F41914003CE89D /* TextField.swift in Sources */,
				F2E2B52C28F506CE003CE89D /* CommandRunner.swift in Sources */,
			);
			runOnlyForDeploymentPostprocessing = 0;
		};
/* End PBXSourcesBuildPhase section */

/* Begin PBXVariantGroup section */
		F2E2B51628F3EA63003CE89D /* Main.storyboard */ = {
			isa = PBXVariantGroup;
			children = (
				F2E2B51728F3EA63003CE89D /* Base */,
			);
			name = Main.storyboard;
			sourceTree = "<group>";
		};
/* End PBXVariantGroup section */

/* Begin XCBuildConfiguration section */
		F2E2B51A28F3EA63003CE89D /* Debug */ = {
			isa = XCBuildConfiguration;
			buildSettings = {
				ALWAYS_SEARCH_USER_PATHS = NO;
				CLANG_ANALYZER_NONNULL = YES;
				CLANG_ANALYZER_NUMBER_OBJECT_CONVERSION = YES_AGGRESSIVE;
				CLANG_CXX_LANGUAGE_STANDARD = "gnu++20";
				CLANG_ENABLE_MODULES = YES;
				CLANG_ENABLE_OBJC_ARC = YES;
				CLANG_ENABLE_OBJC_WEAK = YES;
				CLANG_WARN_BLOCK_CAPTURE_AUTORELEASING = YES;
				CLANG_WARN_BOOL_CONVERSION = YES;
				CLANG_WARN_COMMA = YES;
				CLANG_WARN_CONSTANT_CONVERSION = YES;
				CLANG_WARN_DEPRECATED_OBJC_IMPLEMENTATIONS = YES;
				CLANG_WARN_DIRECT_OBJC_ISA_USAGE = YES_ERROR;
				CLANG_WARN_DOCUMENTATION_COMMENTS = YES;
				CLANG_WARN_EMPTY_BODY = YES;
				CLANG_WARN_ENUM_CONVERSION = YES;
				CLANG_WARN_INFINITE_RECURSION = YES;
				CLANG_WARN_INT_CONVERSION = YES;
				CLANG_WARN_NON_LITERAL_NULL_CONVERSION = YES;
				CLANG_WARN_OBJC_IMPLICIT_RETAIN_SELF = YES;
				CLANG_WARN_OBJC_LITERAL_CONVERSION = YES;
				CLANG_WARN_OBJC_ROOT_CLASS = YES_ERROR;
				CLANG_WARN_QUOTED_INCLUDE_IN_FRAMEWORK_HEADER = YES;
				CLANG_WARN_RANGE_LOOP_ANALYSIS = YES;
				CLANG_WARN_STRICT_PROTOTYPES = YES;
				CLANG_WARN_SUSPICIOUS_MOVE = YES;
				CLANG_WARN_UNGUARDED_AVAILABILITY = YES_AGGRESSIVE;
				CLANG_WARN_UNREACHABLE_CODE = YES;
				CLANG_WARN__DUPLICATE_METHOD_MATCH = YES;
				COPY_PHASE_STRIP = NO;
				DEBUG_INFORMATION_FORMAT = dwarf;
				ENABLE_STRICT_OBJC_MSGSEND = YES;
				ENABLE_TESTABILITY = YES;
				GCC_C_LANGUAGE_STANDARD = gnu11;
				GCC_DYNAMIC_NO_PIC = NO;
				GCC_NO_COMMON_BLOCKS = YES;
				GCC_OPTIMIZATION_LEVEL = 0;
				GCC_PREPROCESSOR_DEFINITIONS = (
					"DEBUG=1",
					"$(inherited)",
				);
				GCC_WARN_64_TO_32_BIT_CONVERSION = YES;
				GCC_WARN_ABOUT_RETURN_TYPE = YES_ERROR;
				GCC_WARN_UNDECLARED_SELECTOR = YES;
				GCC_WARN_UNINITIALIZED_AUTOS = YES_AGGRESSIVE;
				GCC_WARN_UNUSED_FUNCTION = YES;
				GCC_WARN_UNUSED_VARIABLE = YES;
				MACOSX_DEPLOYMENT_TARGET = 12.3;
				MTL_ENABLE_DEBUG_INFO = INCLUDE_SOURCE;
				MTL_FAST_MATH = YES;
				ONLY_ACTIVE_ARCH = YES;
				SDKROOT = macosx;
				SWIFT_ACTIVE_COMPILATION_CONDITIONS = DEBUG;
				SWIFT_OPTIMIZATION_LEVEL = "-Onone";
			};
			name = Debug;
		};
		F2E2B51B28F3EA63003CE89D /* Release */ = {
			isa = XCBuildConfiguration;
			buildSettings = {
				ALWAYS_SEARCH_USER_PATHS = NO;
				CLANG_ANALYZER_NONNULL = YES;
				CLANG_ANALYZER_NUMBER_OBJECT_CONVERSION = YES_AGGRESSIVE;
				CLANG_CXX_LANGUAGE_STANDARD = "gnu++20";
				CLANG_ENABLE_MODULES = YES;
				CLANG_ENABLE_OBJC_ARC = YES;
				CLANG_ENABLE_OBJC_WEAK = YES;
				CLANG_WARN_BLOCK_CAPTURE_AUTORELEASING = YES;
				CLANG_WARN_BOOL_CONVERSION = YES;
				CLANG_WARN_COMMA = YES;
				CLANG_WARN_CONSTANT_CONVERSION = YES;
				CLANG_WARN_DEPRECATED_OBJC_IMPLEMENTATIONS = YES;
				CLANG_WARN_DIRECT_OBJC_ISA_USAGE = YES_ERROR;
				CLANG_WARN_DOCUMENTATION_COMMENTS = YES;
				CLANG_WARN_EMPTY_BODY = YES;
				CLANG_WARN_ENUM_CONVERSION = YES;
				CLANG_WARN_INFINITE_RECURSION = YES;
				CLANG_WARN_INT_CONVERSION = YES;
				CLANG_WARN_NON_LITERAL_NULL_CONVERSION = YES;
				CLANG_WARN_OBJC_IMPLICIT_RETAIN_SELF = YES;
				CLANG_WARN_OBJC_LITERAL_CONVERSION = YES;
				CLANG_WARN_OBJC_ROOT_CLASS = YES_ERROR;
				CLANG_WARN_QUOTED_INCLUDE_IN_FRAMEWORK_HEADER = YES;
				CLANG_WARN_RANGE_LOOP_ANALYSIS = YES;
				CLANG_WARN_STRICT_PROTOTYPES = YES;
				CLANG_WARN_SUSPICIOUS_MOVE = YES;
				CLANG_WARN_UNGUARDED_AVAILABILITY = YES_AGGRESSIVE;
				CLANG_WARN_UNREACHABLE_CODE = YES;
				CLANG_WARN__DUPLICATE_METHOD_MATCH = YES;
				COPY_PHASE_STRIP = NO;
				DEBUG_INFORMATION_FORMAT = "dwarf-with-dsym";
				ENABLE_NS_ASSERTIONS = NO;
				ENABLE_STRICT_OBJC_MSGSEND = YES;
				GCC_C_LANGUAGE_STANDARD = gnu11;
				GCC_NO_COMMON_BLOCKS = YES;
				GCC_WARN_64_TO_32_BIT_CONVERSION = YES;
				GCC_WARN_ABOUT_RETURN_TYPE = YES_ERROR;
				GCC_WARN_UNDECLARED_SELECTOR = YES;
				GCC_WARN_UNINITIALIZED_AUTOS = YES_AGGRESSIVE;
				GCC_WARN_UNUSED_FUNCTION = YES;
				GCC_WARN_UNUSED_VARIABLE = YES;
				MACOSX_DEPLOYMENT_TARGET = 12.3;
				MTL_ENABLE_DEBUG_INFO = NO;
				MTL_FAST_MATH = YES;
				SDKROOT = macosx;
				SWIFT_COMPILATION_MODE = wholemodule;
				SWIFT_OPTIMIZATION_LEVEL = "-O";
			};
			name = Release;
		};
		F2E2B51D28F3EA63003CE89D /* Debug */ = {
			isa = XCBuildConfiguration;
			buildSettings = {
				ASSETCATALOG_COMPILER_APPICON_NAME = AppIcon;
				ASSETCATALOG_COMPILER_GLOBAL_ACCENT_COLOR_NAME = AccentColor;
				CODE_SIGN_ENTITLEMENTS = BuglySymbolUploadTool/BuglySymbolUploadTool.entitlements;
				CODE_SIGN_STYLE = Manual;
				COMBINE_HIDPI_IMAGES = YES;
				CURRENT_PROJECT_VERSION = 1;
				DEVELOPMENT_TEAM = "";
				ENABLE_HARDENED_RUNTIME = YES;
				GENERATE_INFOPLIST_FILE = YES;
				INFOPLIST_FILE = BuglySymbolUploadTool/Info.plist;
				INFOPLIST_KEY_CFBundleDisplayName = "Bugly 符号表上传工具";
				INFOPLIST_KEY_LSApplicationCategoryType = "public.app-category.developer-tools";
				INFOPLIST_KEY_NSMainStoryboardFile = Main;
				INFOPLIST_KEY_NSPrincipalClass = NSApplication;
				LD_RUNPATH_SEARCH_PATHS = (
					"$(inherited)",
					"@executable_path/../Frameworks",
				);
				MACOSX_DEPLOYMENT_TARGET = 11.0;
				MARKETING_VERSION = 1.0;
				PRODUCT_BUNDLE_IDENTIFIER = com.axe.BuglySymbolUploadTool;
				PRODUCT_NAME = "$(TARGET_NAME)";
				PROVISIONING_PROFILE_SPECIFIER = "";
				SWIFT_EMIT_LOC_STRINGS = YES;
				SWIFT_VERSION = 5.0;
			};
			name = Debug;
		};
		F2E2B51E28F3EA63003CE89D /* Release */ = {
			isa = XCBuildConfiguration;
			buildSettings = {
				ASSETCATALOG_COMPILER_APPICON_NAME = AppIcon;
				ASSETCATALOG_COMPILER_GLOBAL_ACCENT_COLOR_NAME = AccentColor;
				CODE_SIGN_ENTITLEMENTS = BuglySymbolUploadTool/BuglySymbolUploadTool.entitlements;
				CODE_SIGN_STYLE = Manual;
				COMBINE_HIDPI_IMAGES = YES;
				CURRENT_PROJECT_VERSION = 1;
				DEVELOPMENT_TEAM = "";
				ENABLE_HARDENED_RUNTIME = YES;
				GENERATE_INFOPLIST_FILE = YES;
				INFOPLIST_FILE = BuglySymbolUploadTool/Info.plist;
				INFOPLIST_KEY_CFBundleDisplayName = "Bugly 符号表上传工具";
				INFOPLIST_KEY_LSApplicationCategoryType = "public.app-category.developer-tools";
				INFOPLIST_KEY_NSMainStoryboardFile = Main;
				INFOPLIST_KEY_NSPrincipalClass = NSApplication;
				LD_RUNPATH_SEARCH_PATHS = (
					"$(inherited)",
					"@executable_path/../Frameworks",
				);
				MACOSX_DEPLOYMENT_TARGET = 11.0;
				MARKETING_VERSION = 1.0;
				PRODUCT_BUNDLE_IDENTIFIER = com.axe.buglySymbolUploadTool;
				PRODUCT_NAME = "$(TARGET_NAME)";
				PROVISIONING_PROFILE_SPECIFIER = "";
				SWIFT_EMIT_LOC_STRINGS = YES;
				SWIFT_VERSION = 5.0;
			};
			name = Release;
		};
/* End XCBuildConfiguration section */

/* Begin XCConfigurationList section */
		F2E2B50828F3EA61003CE89D /* Build configuration list for PBXProject "BuglySymbolUploadTool" */ = {
			isa = XCConfigurationList;
			buildConfigurations = (
				F2E2B51A28F3EA63003CE89D /* Debug */,
				F2E2B51B28F3EA63003CE89D /* Release */,
			);
			defaultConfigurationIsVisible = 0;
			defaultConfigurationName = Release;
		};
		F2E2B51C28F3EA63003CE89D /* Build configuration list for PBXNativeTarget "BuglySymbolUploadTool" */ = {
			isa = XCConfigurationList;
			buildConfigurations = (
				F2E2B51D28F3EA63003CE89D /* Debug */,
				F2E2B51E28F3EA63003CE89D /* Release */,
			);
			defaultConfigurationIsVisible = 0;
			defaultConfigurationName = Release;
		};
/* End XCConfigurationList section */
	};
	rootObject = F2E2B50528F3EA61003CE89D /* Project object */;
}
